Microsoft Visual Studio Solution File, Format Version 8.00
Project("{F184B08F-C81C-45F6-A57F-5ABD9991F28F}") = "WebDataGrid", "http://localhost/WebDataGrid/WebDataGrid.vbproj", "{02798322-B044-44A8-92DD-3202766BBEC5}"
	ProjectSection(ProjectDependencies) = postProject
	EndProjectSection
EndProject
Global
	GlobalSection(SolutionConfiguration) = preSolution
		Debug = Debug
		Release = Release
	EndGlobalSection
	GlobalSection(ProjectConfiguration) = postSolution
		{02798322-B044-44A8-92DD-3202766BBEC5}.Debug.ActiveCfg = Debug|.NET
		{02798322-B044-44A8-92DD-3202766BBEC5}.Debug.Build.0 = Debug|.NET
		{02798322-B044-44A8-92DD-3202766BBEC5}.Release.ActiveCfg = Release|.NET
		{02798322-B044-44A8-92DD-3202766BBEC5}.Release.Build.0 = Release|.NET
	EndGlobalSection
	GlobalSection(ExtensibilityGlobals) = postSolution
	EndGlobalSection
	GlobalSection(ExtensibilityAddIns) = postSolution
	EndGlobalSection
EndGlobal
